// !$*UTF8*$!
{
	archiveVersion = 1;
	classes = {
	};
	objectVersion = 56;
	objects = {

/* Begin PBXBuildFile section */
		3B1ADF5A2B6F08F300329B54 /* AppDelegate.swift in Sources */ = {isa = PBXBuildFile; fileRef = 3B1ADF592B6F08F300329B54 /* AppDelegate.swift */; };
		3B1ADF5C2B6F08F300329B54 /* SceneDelegate.swift in Sources */ = {isa = PBXBuildFile; fileRef = 3B1ADF5B2B6F08F300329B54 /* SceneDelegate.swift */; };
		3B1ADF5E2B6F08F300329B54 /* MainTabBarViewController.swift in Sources */ = {isa = PBXBuildFile; fileRef = 3B1ADF5D2B6F08F300329B54 /* MainTabBarViewController.swift */; };
		3B1ADF612B6F08F300329B54 /* Main.storyboard in Resources */ = {isa = PBXBuildFile; fileRef = 3B1ADF5F2B6F08F300329B54 /* Main.storyboard */; };
		3B1ADF632B6F08F600329B54 /* Assets.xcassets in Resources */ = {isa = PBXBuildFile; fileRef = 3B1ADF622B6F08F600329B54 /* Assets.xcassets */; };
		3B1ADF662B6F08F600329B54 /* LaunchScreen.storyboard in Resources */ = {isa = PBXBuildFile; fileRef = 3B1ADF642B6F08F600329B54 /* LaunchScreen.storyboard */; };
		3B1ADF6F2B6F141300329B54 /* HomeViewController.swift in Sources */ = {isa = PBXBuildFile; fileRef = 3B1ADF6E2B6F141300329B54 /* HomeViewController.swift */; };
		3B1ADF712B6F150A00329B54 /* UpcomingViewController.swift in Sources */ = {isa = PBXBuildFile; fileRef = 3B1ADF702B6F150A00329B54 /* UpcomingViewController.swift */; };
		3B1ADF732B6F160700329B54 /* SearchViewController.swift in Sources */ = {isa = PBXBuildFile; fileRef = 3B1ADF722B6F160700329B54 /* SearchViewController.swift */; };
		3B1ADF752B6F167800329B54 /* DownloadsViewController.swift in Sources */ = {isa = PBXBuildFile; fileRef = 3B1ADF742B6F167800329B54 /* DownloadsViewController.swift */; };
		3B3652C52B9CE14800A91E44 /* TitleViewModel.swift in Sources */ = {isa = PBXBuildFile; fileRef = 3B3652C42B9CE14800A91E44 /* TitleViewModel.swift */; };
		3B3652C72B9E0EFA00A91E44 /* SearchResultsViewController.swift in Sources */ = {isa = PBXBuildFile; fileRef = 3B3652C62B9E0EFA00A91E44 /* SearchResultsViewController.swift */; };
		3B4AFB292B7040F300EFA101 /* CollectionViewTableViewCell.swift in Sources */ = {isa = PBXBuildFile; fileRef = 3B4AFB282B7040F300EFA101 /* CollectionViewTableViewCell.swift */; };
		3B52EF472B986954004EE4CC /* Title.swift in Sources */ = {isa = PBXBuildFile; fileRef = 3B52EF462B986954004EE4CC /* Title.swift */; };
		3B52EF492B9884BE004EE4CC /* Extensions.swift in Sources */ = {isa = PBXBuildFile; fileRef = 3B52EF482B9884BE004EE4CC /* Extensions.swift */; };
		3B52EF4D2B98B298004EE4CC /* TitleCollectionViewCell.swift in Sources */ = {isa = PBXBuildFile; fileRef = 3B52EF4C2B98B298004EE4CC /* TitleCollectionViewCell.swift */; };
		3B5884E22B9F0144005AF533 /* NetflixCloneModel.xcdatamodeld in Sources */ = {isa = PBXBuildFile; fileRef = 3B5884E02B9F0144005AF533 /* NetflixCloneModel.xcdatamodeld */; };
		3B67C52E2B8F4D7900DFE15E /* HeroHeaderUIView.swift in Sources */ = {isa = PBXBuildFile; fileRef = 3B67C52D2B8F4D7900DFE15E /* HeroHeaderUIView.swift */; };
		3BA491262B99D594000EFFF1 /* SDWebImage in Frameworks */ = {isa = PBXBuildFile; productRef = 3BA491252B99D594000EFFF1 /* SDWebImage */; };
		3BA491282B99D594000EFFF1 /* SDWebImageMapKit in Frameworks */ = {isa = PBXBuildFile; productRef = 3BA491272B99D594000EFFF1 /* SDWebImageMapKit */; };
		3BA4912C2B9A0219000EFFF1 /* TitleTableViewCell.swift in Sources */ = {isa = PBXBuildFile; fileRef = 3BA4912B2B9A0219000EFFF1 /* TitleTableViewCell.swift */; };
		3BB849B72B9EF55F0031ECAF /* YoutubeSearchResponse.swift in Sources */ = {isa = PBXBuildFile; fileRef = 3BB849B62B9EF55F0031ECAF /* YoutubeSearchResponse.swift */; };
		3BB849B92B9EFAB60031ECAF /* TitlePreviewViewController.swift in Sources */ = {isa = PBXBuildFile; fileRef = 3BB849B82B9EFAB60031ECAF /* TitlePreviewViewController.swift */; };
		3BB849BB2B9EFAFB0031ECAF /* DataPersistenceManager.swift in Sources */ = {isa = PBXBuildFile; fileRef = 3BB849BA2B9EFAFB0031ECAF /* DataPersistenceManager.swift */; };
		3BB849BD2B9EFC1A0031ECAF /* TitlePreviewViewModel.swift in Sources */ = {isa = PBXBuildFile; fileRef = 3BB849BC2B9EFC1A0031ECAF /* TitlePreviewViewModel.swift */; };
		3BC2FF662B90A76400256B2B /* APICaller.swift in Sources */ = {isa = PBXBuildFile; fileRef = 3BC2FF652B90A76400256B2B /* APICaller.swift */; };
/* End PBXBuildFile section */

/* Begin PBXFileReference section */
		3B1ADF562B6F08F300329B54 /* Netflix_clone.app */ = {isa = PBXFileReference; explicitFileType = wrapper.application; includeInIndex = 0; path = Netflix_clone.app; sourceTree = BUILT_PRODUCTS_DIR; };
		3B1ADF592B6F08F300329B54 /* AppDelegate.swift */ = {isa = PBXFileReference; lastKnownFileType = sourcecode.swift; path = AppDelegate.swift; sourceTree = "<group>"; };
		3B1ADF5B2B6F08F300329B54 /* SceneDelegate.swift */ = {isa = PBXFileReference; lastKnownFileType = sourcecode.swift; path = SceneDelegate.swift; sourceTree = "<group>"; };
		3B1ADF5D2B6F08F300329B54 /* MainTabBarViewController.swift */ = {isa = PBXFileReference; lastKnownFileType = sourcecode.swift; path = MainTabBarViewController.swift; sourceTree = "<group>"; };
		3B1ADF602B6F08F300329B54 /* Base */ = {isa = PBXFileReference; lastKnownFileType = file.storyboard; name = Base; path = Base.lproj/Main.storyboard; sourceTree = "<group>"; };
		3B1ADF622B6F08F600329B54 /* Assets.xcassets */ = {isa = PBXFileReference; lastKnownFileType = folder.assetcatalog; path = Assets.xcassets; sourceTree = "<group>"; };
		3B1ADF652B6F08F600329B54 /* Base */ = {isa = PBXFileReference; lastKnownFileType = file.storyboard; name = Base; path = Base.lproj/LaunchScreen.storyboard; sourceTree = "<group>"; };
		3B1ADF672B6F08F600329B54 /* Info.plist */ = {isa = PBXFileReference; lastKnownFileType = text.plist.xml; path = Info.plist; sourceTree = "<group>"; };
		3B1ADF6E2B6F141300329B54 /* HomeViewController.swift */ = {isa = PBXFileReference; lastKnownFileType = sourcecode.swift; path = HomeViewController.swift; sourceTree = "<group>"; usesTabs = 0; };
		3B1ADF702B6F150A00329B54 /* UpcomingViewController.swift */ = {isa = PBXFileReference; lastKnownFileType = sourcecode.swift; path = UpcomingViewController.swift; sourceTree = "<group>"; };
		3B1ADF722B6F160700329B54 /* SearchViewController.swift */ = {isa = PBXFileReference; lastKnownFileType = sourcecode.swift; path = SearchViewController.swift; sourceTree = "<group>"; };
		3B1ADF742B6F167800329B54 /* DownloadsViewController.swift */ = {isa = PBXFileReference; lastKnownFileType = sourcecode.swift; path = DownloadsViewController.swift; sourceTree = "<group>"; };
		3B3652C42B9CE14800A91E44 /* TitleViewModel.swift */ = {isa = PBXFileReference; lastKnownFileType = sourcecode.swift; path = TitleViewModel.swift; sourceTree = "<group>"; };
		3B3652C62B9E0EFA00A91E44 /* SearchResultsViewController.swift */ = {isa = PBXFileReference; lastKnownFileType = sourcecode.swift; path = SearchResultsViewController.swift; sourceTree = "<group>"; };
		3B4AFB282B7040F300EFA101 /* CollectionViewTableViewCell.swift */ = {isa = PBXFileReference; lastKnownFileType = sourcecode.swift; path = CollectionViewTableViewCell.swift; sourceTree = "<group>"; };
		3B52EF462B986954004EE4CC /* Title.swift */ = {isa = PBXFileReference; lastKnownFileType = sourcecode.swift; path = Title.swift; sourceTree = "<group>"; };
		3B52EF482B9884BE004EE4CC /* Extensions.swift */ = {isa = PBXFileReference; lastKnownFileType = sourcecode.swift; path = Extensions.swift; sourceTree = "<group>"; };
		3B52EF4C2B98B298004EE4CC /* TitleCollectionViewCell.swift */ = {isa = PBXFileReference; lastKnownFileType = sourcecode.swift; path = TitleCollectionViewCell.swift; sourceTree = "<group>"; };
		3B5884E12B9F0144005AF533 /* NetflixCloneModel.xcdatamodel */ = {isa = PBXFileReference; lastKnownFileType = wrapper.xcdatamodel; path = NetflixCloneModel.xcdatamodel; sourceTree = "<group>"; };
		3B67C52D2B8F4D7900DFE15E /* HeroHeaderUIView.swift */ = {isa = PBXFileReference; lastKnownFileType = sourcecode.swift; path = HeroHeaderUIView.swift; sourceTree = "<group>"; };
		3BA4912B2B9A0219000EFFF1 /* TitleTableViewCell.swift */ = {isa = PBXFileReference; lastKnownFileType = sourcecode.swift; path = TitleTableViewCell.swift; sourceTree = "<group>"; };
		3BB849B62B9EF55F0031ECAF /* YoutubeSearchResponse.swift */ = {isa = PBXFileReference; lastKnownFileType = sourcecode.swift; path = YoutubeSearchResponse.swift; sourceTree = "<group>"; };
		3BB849B82B9EFAB60031ECAF /* TitlePreviewViewController.swift */ = {isa = PBXFileReference; lastKnownFileType = sourcecode.swift; path = TitlePreviewViewController.swift; sourceTree = "<group>"; };
		3BB849BA2B9EFAFB0031ECAF /* DataPersistenceManager.swift */ = {isa = PBXFileReference; lastKnownFileType = sourcecode.swift; path = DataPersistenceManager.swift; sourceTree = "<group>"; };
		3BB849BC2B9EFC1A0031ECAF /* TitlePreviewViewModel.swift */ = {isa = PBXFileReference; lastKnownFileType = sourcecode.swift; path = TitlePreviewViewModel.swift; sourceTree = "<group>"; };
		3BC2FF652B90A76400256B2B /* APICaller.swift */ = {isa = PBXFileReference; lastKnownFileType = sourcecode.swift; path = APICaller.swift; sourceTree = "<group>"; };
/* End PBXFileReference section */

/* Begin PBXFrameworksBuildPhase section */
		3B1ADF532B6F08F300329B54 /* Frameworks */ = {
			isa = PBXFrameworksBuildPhase;
			buildActionMask = 2147483647;
			files = (
				3BA491282B99D594000EFFF1 /* SDWebImageMapKit in Frameworks */,
				3BA491262B99D594000EFFF1 /* SDWebImage in Frameworks */,
			);
			runOnlyForDeploymentPostprocessing = 0;
		};
/* End PBXFrameworksBuildPhase section */

/* Begin PBXGroup section */
		3B1ADF4D2B6F08F300329B54 = {
			isa = PBXGroup;
			children = (
				3B1ADF582B6F08F300329B54 /* Netflix_clone */,
				3B1ADF572B6F08F300329B54 /* Products */,
			);
			sourceTree = "<group>";
		};
		3B1ADF572B6F08F300329B54 /* Products */ = {
			isa = PBXGroup;
			children = (
				3B1ADF562B6F08F300329B54 /* Netflix_clone.app */,
			);
			name = Products;
			sourceTree = "<group>";
		};
		3B1ADF582B6F08F300329B54 /* Netflix_clone */ = {
			isa = PBXGroup;
			children = (
				3B4AFB272B703F2000EFA101 /* Managers */,
				3B4AFB262B703EFE00EFA101 /* Resources */,
				3B4AFB252B703E4C00EFA101 /* Models */,
				3B4AFB232B70286F00EFA101 /* Views */,
				3B4AFB242B70287F00EFA101 /* ViewModels */,
				3B1ADF6D2B6F135200329B54 /* Controllers */,
				3B1ADF5F2B6F08F300329B54 /* Main.storyboard */,
				3B1ADF622B6F08F600329B54 /* Assets.xcassets */,
				3B1ADF642B6F08F600329B54 /* LaunchScreen.storyboard */,
				3B1ADF672B6F08F600329B54 /* Info.plist */,
				3B5884E02B9F0144005AF533 /* NetflixCloneModel.xcdatamodeld */,
			);
			path = Netflix_clone;
			sourceTree = "<group>";
		};
		3B1ADF6D2B6F135200329B54 /* Controllers */ = {
			isa = PBXGroup;
			children = (
				3B3652C92B9E0F9500A91E44 /* General */,
				3B3652C82B9E0F6A00A91E44 /* Core */,
			);
			path = Controllers;
			sourceTree = "<group>";
		};
		3B3652C82B9E0F6A00A91E44 /* Core */ = {
			isa = PBXGroup;
			children = (
				3B1ADF5D2B6F08F300329B54 /* MainTabBarViewController.swift */,
				3B1ADF6E2B6F141300329B54 /* HomeViewController.swift */,
				3B1ADF702B6F150A00329B54 /* UpcomingViewController.swift */,
				3B1ADF722B6F160700329B54 /* SearchViewController.swift */,
				3B1ADF742B6F167800329B54 /* DownloadsViewController.swift */,
			);
			path = Core;
			sourceTree = "<group>";
		};
		3B3652C92B9E0F9500A91E44 /* General */ = {
			isa = PBXGroup;
			children = (
				3B3652C62B9E0EFA00A91E44 /* SearchResultsViewController.swift */,
				3BB849B82B9EFAB60031ECAF /* TitlePreviewViewController.swift */,
			);
			path = General;
			sourceTree = "<group>";
		};
		3B4AFB232B70286F00EFA101 /* Views */ = {
			isa = PBXGroup;
			children = (
				3B4AFB282B7040F300EFA101 /* CollectionViewTableViewCell.swift */,
				3B67C52D2B8F4D7900DFE15E /* HeroHeaderUIView.swift */,
				3B52EF4C2B98B298004EE4CC /* TitleCollectionViewCell.swift */,
				3BA4912B2B9A0219000EFFF1 /* TitleTableViewCell.swift */,
			);
			path = Views;
			sourceTree = "<group>";
		};
		3B4AFB242B70287F00EFA101 /* ViewModels */ = {
			isa = PBXGroup;
			children = (
				3B3652C42B9CE14800A91E44 /* TitleViewModel.swift */,
				3BB849BC2B9EFC1A0031ECAF /* TitlePreviewViewModel.swift */,
			);
			path = ViewModels;
			sourceTree = "<group>";
		};
		3B4AFB252B703E4C00EFA101 /* Models */ = {
			isa = PBXGroup;
			children = (
				3B52EF462B986954004EE4CC /* Title.swift */,
				3BB849B62B9EF55F0031ECAF /* YoutubeSearchResponse.swift */,
			);
			path = Models;
			sourceTree = "<group>";
		};
		3B4AFB262B703EFE00EFA101 /* Resources */ = {
			isa = PBXGroup;
			children = (
				3B52EF482B9884BE004EE4CC /* Extensions.swift */,
				3B1ADF592B6F08F300329B54 /* AppDelegate.swift */,
				3B1ADF5B2B6F08F300329B54 /* SceneDelegate.swift */,
			);
			path = Resources;
			sourceTree = "<group>";
		};
		3B4AFB272B703F2000EFA101 /* Managers */ = {
			isa = PBXGroup;
			children = (
				3BC2FF652B90A76400256B2B /* APICaller.swift */,
				3BB849BA2B9EFAFB0031ECAF /* DataPersistenceManager.swift */,
			);
			path = Managers;
			sourceTree = "<group>";
		};
/* End PBXGroup section */

/* Begin PBXNativeTarget section */
		3B1ADF552B6F08F300329B54 /* Netflix_clone */ = {
			isa = PBXNativeTarget;
			buildConfigurationList = 3B1ADF6A2B6F08F600329B54 /* Build configuration list for PBXNativeTarget "Netflix_clone" */;
			buildPhases = (
				3B1ADF522B6F08F300329B54 /* Sources */,
				3B1ADF532B6F08F300329B54 /* Frameworks */,
				3B1ADF542B6F08F300329B54 /* Resources */,
			);
			buildRules = (
			);
			dependencies = (
			);
			name = Netflix_clone;
			packageProductDependencies = (
				3BA491252B99D594000EFFF1 /* SDWebImage */,
				3BA491272B99D594000EFFF1 /* SDWebImageMapKit */,
			);
			productName = Netflix_clone;
			productReference = 3B1ADF562B6F08F300329B54 /* Netflix_clone.app */;
			productType = "com.apple.product-type.application";
		};
/* End PBXNativeTarget section */

/* Begin PBXProject section */
		3B1ADF4E2B6F08F300329B54 /* Project object */ = {
			isa = PBXProject;
			attributes = {
				BuildIndependentTargetsInParallel = 1;
				LastSwiftUpdateCheck = 1420;
				LastUpgradeCheck = 1420;
				TargetAttributes = {
					3B1ADF552B6F08F300329B54 = {
						CreatedOnToolsVersion = 14.2;
					};
				};
			};
			buildConfigurationList = 3B1ADF512B6F08F300329B54 /* Build configuration list for PBXProject "Netflix_clone" */;
			compatibilityVersion = "Xcode 14.0";
			developmentRegion = en;
			hasScannedForEncodings = 0;
			knownRegions = (
				en,
				Base,
			);
			mainGroup = 3B1ADF4D2B6F08F300329B54;
			packageReferences = (
				3BA491242B99D594000EFFF1 /* XCRemoteSwiftPackageReference "SDWebImage" */,
			);
			productRefGroup = 3B1ADF572B6F08F300329B54 /* Products */;
			projectDirPath = "";
			projectRoot = "";
			targets = (
				3B1ADF552B6F08F300329B54 /* Netflix_clone */,
			);
		};
/* End PBXProject section */

/* Begin PBXResourcesBuildPhase section */
		3B1ADF542B6F08F300329B54 /* Resources */ = {
			isa = PBXResourcesBuildPhase;
			buildActionMask = 2147483647;
			files = (
				3B1ADF662B6F08F600329B54 /* LaunchScreen.storyboard in Resources */,
				3B1ADF632B6F08F600329B54 /* Assets.xcassets in Resources */,
				3B1ADF612B6F08F300329B54 /* Main.storyboard in Resources */,
			);
			runOnlyForDeploymentPostprocessing = 0;
		};
/* End PBXResourcesBuildPhase section */

/* Begin PBXSourcesBuildPhase section */
		3B1ADF522B6F08F300329B54 /* Sources */ = {
			isa = PBXSourcesBuildPhase;
			buildActionMask = 2147483647;
			files = (
				3BA4912C2B9A0219000EFFF1 /* TitleTableViewCell.swift in Sources */,
				3BB849BB2B9EFAFB0031ECAF /* DataPersistenceManager.swift in Sources */,
				3B1ADF732B6F160700329B54 /* SearchViewController.swift in Sources */,
				3B52EF4D2B98B298004EE4CC /* TitleCollectionViewCell.swift in Sources */,
				3B1ADF5E2B6F08F300329B54 /* MainTabBarViewController.swift in Sources */,
				3B4AFB292B7040F300EFA101 /* CollectionViewTableViewCell.swift in Sources */,
				3BC2FF662B90A76400256B2B /* APICaller.swift in Sources */,
				3B67C52E2B8F4D7900DFE15E /* HeroHeaderUIView.swift in Sources */,
				3B1ADF752B6F167800329B54 /* DownloadsViewController.swift in Sources */,
				3B1ADF5A2B6F08F300329B54 /* AppDelegate.swift in Sources */,
				3B3652C72B9E0EFA00A91E44 /* SearchResultsViewController.swift in Sources */,
				3B52EF492B9884BE004EE4CC /* Extensions.swift in Sources */,
				3BB849B72B9EF55F0031ECAF /* YoutubeSearchResponse.swift in Sources */,
				3B1ADF5C2B6F08F300329B54 /* SceneDelegate.swift in Sources */,
				3B1ADF712B6F150A00329B54 /* UpcomingViewController.swift in Sources */,
				3B5884E22B9F0144005AF533 /* NetflixCloneModel.xcdatamodeld in Sources */,
				3BB849B92B9EFAB60031ECAF /* TitlePreviewViewController.swift in Sources */,
				3B52EF472B986954004EE4CC /* Title.swift in Sources */,
				3B1ADF6F2B6F141300329B54 /* HomeViewController.swift in Sources */,
				3BB849BD2B9EFC1A0031ECAF /* TitlePreviewViewModel.swift in Sources */,
				3B3652C52B9CE14800A91E44 /* TitleViewModel.swift in Sources */,
			);
			runOnlyForDeploymentPostprocessing = 0;
		};
/* End PBXSourcesBuildPhase section */

/* Begin PBXVariantGroup section */
		3B1ADF5F2B6F08F300329B54 /* Main.storyboard */ = {
			isa = PBXVariantGroup;
			children = (
				3B1ADF602B6F08F300329B54 /* Base */,
			);
			name = Main.storyboard;
			sourceTree = "<group>";
		};
		3B1ADF642B6F08F600329B54 /* LaunchScreen.storyboard */ = {
			isa = PBXVariantGroup;
			children = (
				3B1ADF652B6F08F600329B54 /* Base */,
			);
			name = LaunchScreen.storyboard;
			sourceTree = "<group>";
		};
/* End PBXVariantGroup section */

/* Begin XCBuildConfiguration section */
		3B1ADF682B6F08F600329B54 /* Debug */ = {
			isa = XCBuildConfiguration;
			buildSettings = {
				ALWAYS_SEARCH_USER_PATHS = NO;
				CLANG_ANALYZER_NONNULL = YES;
				CLANG_ANALYZER_NUMBER_OBJECT_CONVERSION = YES_AGGRESSIVE;
				CLANG_CXX_LANGUAGE_STANDARD = "gnu++20";
				CLANG_ENABLE_MODULES = YES;
				CLANG_ENABLE_OBJC_ARC = YES;
				CLANG_ENABLE_OBJC_WEAK = YES;
				CLANG_WARN_BLOCK_CAPTURE_AUTORELEASING = YES;
				CLANG_WARN_BOOL_CONVERSION = YES;
				CLANG_WARN_COMMA = YES;
				CLANG_WARN_CONSTANT_CONVERSION = YES;
				CLANG_WARN_DEPRECATED_OBJC_IMPLEMENTATIONS = YES;
				CLANG_WARN_DIRECT_OBJC_ISA_USAGE = YES_ERROR;
				CLANG_WARN_DOCUMENTATION_COMMENTS = YES;
				CLANG_WARN_EMPTY_BODY = YES;
				CLANG_WARN_ENUM_CONVERSION = YES;
				CLANG_WARN_INFINITE_RECURSION = YES;
				CLANG_WARN_INT_CONVERSION = YES;
				CLANG_WARN_NON_LITERAL_NULL_CONVERSION = YES;
				CLANG_WARN_OBJC_IMPLICIT_RETAIN_SELF = YES;
				CLANG_WARN_OBJC_LITERAL_CONVERSION = YES;
				CLANG_WARN_OBJC_ROOT_CLASS = YES_ERROR;
				CLANG_WARN_QUOTED_INCLUDE_IN_FRAMEWORK_HEADER = YES;
				CLANG_WARN_RANGE_LOOP_ANALYSIS = YES;
				CLANG_WARN_STRICT_PROTOTYPES = YES;
				CLANG_WARN_SUSPICIOUS_MOVE = YES;
				CLANG_WARN_UNGUARDED_AVAILABILITY = YES_AGGRESSIVE;
				CLANG_WARN_UNREACHABLE_CODE = YES;
				CLANG_WARN__DUPLICATE_METHOD_MATCH = YES;
				COPY_PHASE_STRIP = NO;
				DEBUG_INFORMATION_FORMAT = dwarf;
				ENABLE_STRICT_OBJC_MSGSEND = YES;
				ENABLE_TESTABILITY = YES;
				GCC_C_LANGUAGE_STANDARD = gnu11;
				GCC_DYNAMIC_NO_PIC = NO;
				GCC_NO_COMMON_BLOCKS = YES;
				GCC_OPTIMIZATION_LEVEL = 0;
				GCC_PREPROCESSOR_DEFINITIONS = (
					"DEBUG=1",
					"$(inherited)",
				);
				GCC_WARN_64_TO_32_BIT_CONVERSION = YES;
				GCC_WARN_ABOUT_RETURN_TYPE = YES_ERROR;
				GCC_WARN_UNDECLARED_SELECTOR = YES;
				GCC_WARN_UNINITIALIZED_AUTOS = YES_AGGRESSIVE;
				GCC_WARN_UNUSED_FUNCTION = YES;
				GCC_WARN_UNUSED_VARIABLE = YES;
				IPHONEOS_DEPLOYMENT_TARGET = 16.2;
				MTL_ENABLE_DEBUG_INFO = INCLUDE_SOURCE;
				MTL_FAST_MATH = YES;
				ONLY_ACTIVE_ARCH = YES;
				SDKROOT = iphoneos;
				SWIFT_ACTIVE_COMPILATION_CONDITIONS = DEBUG;
				SWIFT_OPTIMIZATION_LEVEL = "-Onone";
			};
			name = Debug;
		};
		3B1ADF692B6F08F600329B54 /* Release */ = {
			isa = XCBuildConfiguration;
			buildSettings = {
				ALWAYS_SEARCH_USER_PATHS = NO;
				CLANG_ANALYZER_NONNULL = YES;
				CLANG_ANALYZER_NUMBER_OBJECT_CONVERSION = YES_AGGRESSIVE;
				CLANG_CXX_LANGUAGE_STANDARD = "gnu++20";
				CLANG_ENABLE_MODULES = YES;
				CLANG_ENABLE_OBJC_ARC = YES;
				CLANG_ENABLE_OBJC_WEAK = YES;
				CLANG_WARN_BLOCK_CAPTURE_AUTORELEASING = YES;
				CLANG_WARN_BOOL_CONVERSION = YES;
				CLANG_WARN_COMMA = YES;
				CLANG_WARN_CONSTANT_CONVERSION = YES;
				CLANG_WARN_DEPRECATED_OBJC_IMPLEMENTATIONS = YES;
				CLANG_WARN_DIRECT_OBJC_ISA_USAGE = YES_ERROR;
				CLANG_WARN_DOCUMENTATION_COMMENTS = YES;
				CLANG_WARN_EMPTY_BODY = YES;
				CLANG_WARN_ENUM_CONVERSION = YES;
				CLANG_WARN_INFINITE_RECURSION = YES;
				CLANG_WARN_INT_CONVERSION = YES;
				CLANG_WARN_NON_LITERAL_NULL_CONVERSION = YES;
				CLANG_WARN_OBJC_IMPLICIT_RETAIN_SELF = YES;
				CLANG_WARN_OBJC_LITERAL_CONVERSION = YES;
				CLANG_WARN_OBJC_ROOT_CLASS = YES_ERROR;
				CLANG_WARN_QUOTED_INCLUDE_IN_FRAMEWORK_HEADER = YES;
				CLANG_WARN_RANGE_LOOP_ANALYSIS = YES;
				CLANG_WARN_STRICT_PROTOTYPES = YES;
				CLANG_WARN_SUSPICIOUS_MOVE = YES;
				CLANG_WARN_UNGUARDED_AVAILABILITY = YES_AGGRESSIVE;
				CLANG_WARN_UNREACHABLE_CODE = YES;
				CLANG_WARN__DUPLICATE_METHOD_MATCH = YES;
				COPY_PHASE_STRIP = NO;
				DEBUG_INFORMATION_FORMAT = "dwarf-with-dsym";
				ENABLE_NS_ASSERTIONS = NO;
				ENABLE_STRICT_OBJC_MSGSEND = YES;
				GCC_C_LANGUAGE_STANDARD = gnu11;
				GCC_NO_COMMON_BLOCKS = YES;
				GCC_WARN_64_TO_32_BIT_CONVERSION = YES;
				GCC_WARN_ABOUT_RETURN_TYPE = YES_ERROR;
				GCC_WARN_UNDECLARED_SELECTOR = YES;
				GCC_WARN_UNINITIALIZED_AUTOS = YES_AGGRESSIVE;
				GCC_WARN_UNUSED_FUNCTION = YES;
				GCC_WARN_UNUSED_VARIABLE = YES;
				IPHONEOS_DEPLOYMENT_TARGET = 16.2;
				MTL_ENABLE_DEBUG_INFO = NO;
				MTL_FAST_MATH = YES;
				SDKROOT = iphoneos;
				SWIFT_COMPILATION_MODE = wholemodule;
				SWIFT_OPTIMIZATION_LEVEL = "-O";
				VALIDATE_PRODUCT = YES;
			};
			name = Release;
		};
		3B1ADF6B2B6F08F600329B54 /* Debug */ = {
			isa = XCBuildConfiguration;
			buildSettings = {
				ASSETCATALOG_COMPILER_APPICON_NAME = AppIcon;
				ASSETCATALOG_COMPILER_GLOBAL_ACCENT_COLOR_NAME = AccentColor;
				CODE_SIGN_STYLE = Automatic;
				CURRENT_PROJECT_VERSION = 1;
				DEVELOPMENT_TEAM = S5AM8RX9Q9;
				GENERATE_INFOPLIST_FILE = YES;
				INFOPLIST_FILE = Netflix_clone/Info.plist;
				INFOPLIST_KEY_LSApplicationCategoryType = "public.app-category.video";
				INFOPLIST_KEY_UIApplicationSupportsIndirectInputEvents = YES;
				INFOPLIST_KEY_UILaunchStoryboardName = LaunchScreen;
				INFOPLIST_KEY_UISupportedInterfaceOrientations_iPad = "UIInterfaceOrientationPortrait UIInterfaceOrientationPortraitUpsideDown UIInterfaceOrientationLandscapeLeft UIInterfaceOrientationLandscapeRight";
				INFOPLIST_KEY_UISupportedInterfaceOrientations_iPhone = "UIInterfaceOrientationPortrait UIInterfaceOrientationLandscapeLeft UIInterfaceOrientationLandscapeRight";
				LD_RUNPATH_SEARCH_PATHS = (
					"$(inherited)",
					"@executable_path/Frameworks",
				);
				MARKETING_VERSION = 1.0;
				PRODUCT_BUNDLE_IDENTIFIER = "com.sygzg.Netflix-clone";
				PRODUCT_NAME = "$(TARGET_NAME)";
				SWIFT_EMIT_LOC_STRINGS = YES;
				SWIFT_VERSION = 5.0;
				TARGETED_DEVICE_FAMILY = "1,2";
			};
			name = Debug;
		};
		3B1ADF6C2B6F08F600329B54 /* Release */ = {
			isa = XCBuildConfiguration;
			buildSettings = {
				ASSETCATALOG_COMPILER_APPICON_NAME = AppIcon;
				ASSETCATALOG_COMPILER_GLOBAL_ACCENT_COLOR_NAME = AccentColor;
				CODE_SIGN_STYLE = Automatic;
				CURRENT_PROJECT_VERSION = 1;
				DEVELOPMENT_TEAM = S5AM8RX9Q9;
				GENERATE_INFOPLIST_FILE = YES;
				INFOPLIST_FILE = Netflix_clone/Info.plist;
				INFOPLIST_KEY_LSApplicationCategoryType = "public.app-category.video";
				INFOPLIST_KEY_UIApplicationSupportsIndirectInputEvents = YES;
				INFOPLIST_KEY_UILaunchStoryboardName = LaunchScreen;
				INFOPLIST_KEY_UISupportedInterfaceOrientations_iPad = "UIInterfaceOrientationPortrait UIInterfaceOrientationPortraitUpsideDown UIInterfaceOrientationLandscapeLeft UIInterfaceOrientationLandscapeRight";
				INFOPLIST_KEY_UISupportedInterfaceOrientations_iPhone = "UIInterfaceOrientationPortrait UIInterfaceOrientationLandscapeLeft UIInterfaceOrientationLandscapeRight";
				LD_RUNPATH_SEARCH_PATHS = (
					"$(inherited)",
					"@executable_path/Frameworks",
				);
				MARKETING_VERSION = 1.0;
				PRODUCT_BUNDLE_IDENTIFIER = "com.sygzg.Netflix-clone";
				PRODUCT_NAME = "$(TARGET_NAME)";
				SWIFT_EMIT_LOC_STRINGS = YES;
				SWIFT_VERSION = 5.0;
				TARGETED_DEVICE_FAMILY = "1,2";
			};
			name = Release;
		};
/* End XCBuildConfiguration section */

/* Begin XCConfigurationList section */
		3B1ADF512B6F08F300329B54 /* Build configuration list for PBXProject "Netflix_clone" */ = {
			isa = XCConfigurationList;
			buildConfigurations = (
				3B1ADF682B6F08F600329B54 /* Debug */,
				3B1ADF692B6F08F600329B54 /* Release */,
			);
			defaultConfigurationIsVisible = 0;
			defaultConfigurationName = Release;
		};
		3B1ADF6A2B6F08F600329B54 /* Build configuration list for PBXNativeTarget "Netflix_clone" */ = {
			isa = XCConfigurationList;
			buildConfigurations = (
				3B1ADF6B2B6F08F600329B54 /* Debug */,
				3B1ADF6C2B6F08F600329B54 /* Release */,
			);
			defaultConfigurationIsVisible = 0;
			defaultConfigurationName = Release;
		};
/* End XCConfigurationList section */

/* Begin XCRemoteSwiftPackageReference section */
		3BA491242B99D594000EFFF1 /* XCRemoteSwiftPackageReference "SDWebImage" */ = {
			isa = XCRemoteSwiftPackageReference;
			repositoryURL = "https://github.com/SDWebImage/SDWebImage.git";
			requirement = {
				branch = master;
				kind = branch;
			};
		};
/* End XCRemoteSwiftPackageReference section */

/* Begin XCSwiftPackageProductDependency section */
		3BA491252B99D594000EFFF1 /* SDWebImage */ = {
			isa = XCSwiftPackageProductDependency;
			package = 3BA491242B99D594000EFFF1 /* XCRemoteSwiftPackageReference "SDWebImage" */;
			productName = SDWebImage;
		};
		3BA491272B99D594000EFFF1 /* SDWebImageMapKit */ = {
			isa = XCSwiftPackageProductDependency;
			package = 3BA491242B99D594000EFFF1 /* XCRemoteSwiftPackageReference "SDWebImage" */;
			productName = SDWebImageMapKit;
		};
/* End XCSwiftPackageProductDependency section */

/* Begin XCVersionGroup section */
		3B5884E02B9F0144005AF533 /* NetflixCloneModel.xcdatamodeld */ = {
			isa = XCVersionGroup;
			children = (
				3B5884E12B9F0144005AF533 /* NetflixCloneModel.xcdatamodel */,
			);
			currentVersion = 3B5884E12B9F0144005AF533 /* NetflixCloneModel.xcdatamodel */;
			path = NetflixCloneModel.xcdatamodeld;
			sourceTree = "<group>";
			versionGroupType = wrapper.xcdatamodel;
		};
/* End XCVersionGroup section */
	};
	rootObject = 3B1ADF4E2B6F08F300329B54 /* Project object */;
}
